
Microsoft Visual Studio Solution File, Format Version 12.00
# Visual Studio Version 17
VisualStudioVersion = 17.9.34902.65
MinimumVisualStudioVersion = 10.0.40219.1
Project("{FAE04EC0-301F-11D3-BF4B-00C04F79EFBC}") = "ShopManager", "ShopManager.csproj", "{737ED0F8-22DA-4097-8F3E-5CC1C04CE853}"
EndProject
Global
	GlobalSection(SolutionConfigurationPlatforms) = preSolution
		Debug|Any CPU = Debug|Any CPU
		Release|Any CPU = Release|Any CPU
	EndGlobalSection
	GlobalSection(ProjectConfigurationPlatforms) = postSolution
		{737ED0F8-22DA-4097-8F3E-5CC1C04CE853}.Debug|Any CPU.ActiveCfg = Debug|Any CPU
		{737ED0F8-22DA-4097-8F3E-5CC1C04CE853}.Debug|Any CPU.Build.0 = Debug|Any CPU
		{737ED0F8-22DA-4097-8F3E-5CC1C04CE853}.Release|Any CPU.ActiveCfg = Release|Any CPU
		{737ED0F8-22DA-4097-8F3E-5CC1C04CE853}.Release|Any CPU.Build.0 = Release|Any CPU
	EndGlobalSection
	GlobalSection(SolutionProperties) = preSolution
		HideSolutionNode = FALSE
	EndGlobalSection
	GlobalSection(ExtensibilityGlobals) = postSolution
		SolutionGuid = {F4FCC1D0-7E54-4B6F-893B-FAF66152AF04}
	EndGlobalSection
EndGlobal
